{
  "name": "otp",
  "version": "1.0.0",
  "lockfileVersion": 2,
  "requires": true,
  "packages": {
    "": {
      "name": "otp",
      "version": "1.0.0",
      "license": "ISC",
      "dependencies": {
        "otpgen": "^1.0.3"
      }
    },
    "node_modules/otpgen": {
      "version": "1.0.3",
      "resolved": "https://registry.npmjs.org/otpgen/-/otpgen-1.0.3.tgz",
      "integrity": "sha512-A4I3DdzpcV4N2hGh98DtvmkB+j3e2je6OURn5VNh5+KI5oE9O1fB0yxW5fKa8R9ocvu1sCxTSEbEkNRneG2YMA=="
    }
  },
  "dependencies": {
    "otpgen": {
      "version": "1.0.3",
      "resolved": "https://registry.npmjs.org/otpgen/-/otpgen-1.0.3.tgz",
      "integrity": "sha512-A4I3DdzpcV4N2hGh98DtvmkB+j3e2je6OURn5VNh5+KI5oE9O1fB0yxW5fKa8R9ocvu1sCxTSEbEkNRneG2YMA=="
    }
  }
}
